
Microsoft Visual Studio Solution File, Format Version 12.00
# Visual Studio Version 16
VisualStudioVersion = 16.0.810.12
MinimumVisualStudioVersion = 10.0.40219.1
Project("{FAE04EC0-301F-11D3-BF4B-00C04F79EFBC}") = "htmlparser", "htmlparser\htmlparser.csproj", "{AC513A82-C87E-4260-B7A4-5A9A5155A31B}"
EndProject
Global
	GlobalSection(SolutionConfigurationPlatforms) = preSolution
		Debug|anycpu = Debug|anycpu
		Release|anycpu = Release|anycpu
	EndGlobalSection
	GlobalSection(ProjectConfigurationPlatforms) = postSolution
		{AC513A82-C87E-4260-B7A4-5A9A5155A31B}.Debug|anycpu.ActiveCfg = Debug|anycpu
		{AC513A82-C87E-4260-B7A4-5A9A5155A31B}.Debug|anycpu.Build.0 = Debug|anycpu
		{AC513A82-C87E-4260-B7A4-5A9A5155A31B}.Release|anycpu.ActiveCfg = Release|anycpu
		{AC513A82-C87E-4260-B7A4-5A9A5155A31B}.Release|anycpu.Build.0 = Release|anycpu
	EndGlobalSection
	GlobalSection(SolutionProperties) = preSolution
		HideSolutionNode = FALSE
	EndGlobalSection
	GlobalSection(ExtensibilityGlobals) = postSolution
		SolutionGuid = {2095E7D5-98FB-4EE6-A76D-3078220C3803}
	EndGlobalSection
EndGlobal
